
Microsoft Visual Studio Solution File, Format Version 12.00
# Visual Studio 15
VisualStudioVersion = 15.0.26124.0
MinimumVisualStudioVersion = 15.0.26124.0
Project("{2150E333-8FDC-42A3-9474-1A3956D46DE8}") = "src", "src", "{FCE4C28E-CF2A-423F-9E7A-8A13DAACBF96}"
EndProject
Project("{F2A71F9B-5D33-465A-A702-920D77279786}") = "YoloDev.Expecto.TestSdk", "src\YoloDev.Expecto.TestSdk\YoloDev.Expecto.TestSdk.fsproj", "{06D3B976-762E-4645-B70E-C87B1EDE1CEE}"
EndProject
Project("{2150E333-8FDC-42A3-9474-1A3956D46DE8}") = "test", "test", "{C5F68231-8575-44BC-B2CD-5163268E8A45}"
EndProject
Project("{F2A71F9B-5D33-465A-A702-920D77279786}") = "Sample.Test", "test\Sample.Test\Sample.Test.fsproj", "{2DADC6BD-672C-4B40-B0DA-0C6AD4F372BE}"
EndProject
Global
	GlobalSection(SolutionConfigurationPlatforms) = preSolution
		Debug|Any CPU = Debug|Any CPU
		Debug|x64 = Debug|x64
		Debug|x86 = Debug|x86
		Release|Any CPU = Release|Any CPU
		Release|x64 = Release|x64
		Release|x86 = Release|x86
	EndGlobalSection
	GlobalSection(SolutionProperties) = preSolution
		HideSolutionNode = FALSE
	EndGlobalSection
	GlobalSection(ProjectConfigurationPlatforms) = postSolution
		{06D3B976-762E-4645-B70E-C87B1EDE1CEE}.Debug|Any CPU.ActiveCfg = Debug|Any CPU
		{06D3B976-762E-4645-B70E-C87B1EDE1CEE}.Debug|Any CPU.Build.0 = Debug|Any CPU
		{06D3B976-762E-4645-B70E-C87B1EDE1CEE}.Debug|x64.ActiveCfg = Debug|x64
		{06D3B976-762E-4645-B70E-C87B1EDE1CEE}.Debug|x64.Build.0 = Debug|x64
		{06D3B976-762E-4645-B70E-C87B1EDE1CEE}.Debug|x86.ActiveCfg = Debug|x86
		{06D3B976-762E-4645-B70E-C87B1EDE1CEE}.Debug|x86.Build.0 = Debug|x86
		{06D3B976-762E-4645-B70E-C87B1EDE1CEE}.Release|Any CPU.ActiveCfg = Release|Any CPU
		{06D3B976-762E-4645-B70E-C87B1EDE1CEE}.Release|Any CPU.Build.0 = Release|Any CPU
		{06D3B976-762E-4645-B70E-C87B1EDE1CEE}.Release|x64.ActiveCfg = Release|x64
		{06D3B976-762E-4645-B70E-C87B1EDE1CEE}.Release|x64.Build.0 = Release|x64
		{06D3B976-762E-4645-B70E-C87B1EDE1CEE}.Release|x86.ActiveCfg = Release|x86
		{06D3B976-762E-4645-B70E-C87B1EDE1CEE}.Release|x86.Build.0 = Release|x86
		{2DADC6BD-672C-4B40-B0DA-0C6AD4F372BE}.Debug|Any CPU.ActiveCfg = Debug|Any CPU
		{2DADC6BD-672C-4B40-B0DA-0C6AD4F372BE}.Debug|Any CPU.Build.0 = Debug|Any CPU
		{2DADC6BD-672C-4B40-B0DA-0C6AD4F372BE}.Debug|x64.ActiveCfg = Debug|x64
		{2DADC6BD-672C-4B40-B0DA-0C6AD4F372BE}.Debug|x64.Build.0 = Debug|x64
		{2DADC6BD-672C-4B40-B0DA-0C6AD4F372BE}.Debug|x86.ActiveCfg = Debug|x86
		{2DADC6BD-672C-4B40-B0DA-0C6AD4F372BE}.Debug|x86.Build.0 = Debug|x86
		{2DADC6BD-672C-4B40-B0DA-0C6AD4F372BE}.Release|Any CPU.ActiveCfg = Release|Any CPU
		{2DADC6BD-672C-4B40-B0DA-0C6AD4F372BE}.Release|Any CPU.Build.0 = Release|Any CPU
		{2DADC6BD-672C-4B40-B0DA-0C6AD4F372BE}.Release|x64.ActiveCfg = Release|x64
		{2DADC6BD-672C-4B40-B0DA-0C6AD4F372BE}.Release|x64.Build.0 = Release|x64
		{2DADC6BD-672C-4B40-B0DA-0C6AD4F372BE}.Release|x86.ActiveCfg = Release|x86
		{2DADC6BD-672C-4B40-B0DA-0C6AD4F372BE}.Release|x86.Build.0 = Release|x86
	EndGlobalSection
	GlobalSection(NestedProjects) = preSolution
		{06D3B976-762E-4645-B70E-C87B1EDE1CEE} = {FCE4C28E-CF2A-423F-9E7A-8A13DAACBF96}
		{2DADC6BD-672C-4B40-B0DA-0C6AD4F372BE} = {C5F68231-8575-44BC-B2CD-5163268E8A45}
	EndGlobalSection
EndGlobal
